{
  "name": "mobx-state-tree-action-timing-middleware",
  "version": "1.0.0",
  "lockfileVersion": 1,
  "requires": true,
  "dependencies": {
    "mobx-state-tree": {
      "version": "7.0.0",
      "resolved": "https://registry.npmjs.org/mobx-state-tree/-/mobx-state-tree-7.0.0.tgz",
      "integrity": "sha512-sW2mKcNacKS9pzfUkTLtwXt+9VmxwNGkx4pZ4T/9X/lL/RHrbGeQp9QDykLNmZ0CwmlutgSmKsPl5e1wiVnBuQ=="
    }
  }
}
